
Microsoft Visual Studio Solution File, Format Version 12.00
# Visual Studio 15
VisualStudioVersion = 15.0.27130.2027
MinimumVisualStudioVersion = 10.0.40219.1
Project("{FAE04EC0-301F-11D3-BF4B-00C04F79EFBC}") = "VSQuiz", "VSQuiz\VSQuiz.csproj", "{9F5F05C0-254F-4163-916A-8281EB7DEA8D}"
EndProject
Global
	GlobalSection(SolutionConfigurationPlatforms) = preSolution
		Debug|Any CPU = Debug|Any CPU
		Release|Any CPU = Release|Any CPU
	EndGlobalSection
	GlobalSection(ProjectConfigurationPlatforms) = postSolution
		{9F5F05C0-254F-4163-916A-8281EB7DEA8D}.Debug|Any CPU.ActiveCfg = Debug|Any CPU
		{9F5F05C0-254F-4163-916A-8281EB7DEA8D}.Debug|Any CPU.Build.0 = Debug|Any CPU
		{9F5F05C0-254F-4163-916A-8281EB7DEA8D}.Release|Any CPU.ActiveCfg = Release|Any CPU
		{9F5F05C0-254F-4163-916A-8281EB7DEA8D}.Release|Any CPU.Build.0 = Release|Any CPU
	EndGlobalSection
	GlobalSection(SolutionProperties) = preSolution
		HideSolutionNode = FALSE
	EndGlobalSection
	GlobalSection(ExtensibilityGlobals) = postSolution
		SolutionGuid = {99E1E598-DF4C-4D01-BF9C-6C5BC3C69122}
	EndGlobalSection
EndGlobal
